
Microsoft Visual Studio Solution File, Format Version 12.00
# Visual Studio Version 16
VisualStudioVersion = 16.0.30709.132
MinimumVisualStudioVersion = 10.0.40219.1
Project("{2150E333-8FDC-42A3-9474-1A3956D46DE8}") = "Infrastructure", "Infrastructure", "{FCC79ADC-F827-4538-AC78-65D2B85D94E8}"
EndProject
Project("{2150E333-8FDC-42A3-9474-1A3956D46DE8}") = "Modules", "Modules", "{8ED3F4CC-FDDF-4FFB-B8E4-A211B41E3439}"
EndProject
Project("{2150E333-8FDC-42A3-9474-1A3956D46DE8}") = "Presentation", "Presentation", "{C9355B3A-F8A4-4B7B-BF20-2D2446815BEE}"
EndProject
Project("{2150E333-8FDC-42A3-9474-1A3956D46DE8}") = "Test", "Test", "{4304CEB5-9865-43ED-ABA5-964D13A46887}"
EndProject
Project("{2150E333-8FDC-42A3-9474-1A3956D46DE8}") = "Configuration", "Configuration", "{EE7ED4E3-175A-4F5C-AFE8-99A8492E9429}"
EndProject
Project("{2150E333-8FDC-42A3-9474-1A3956D46DE8}") = "Core", "Core", "{148FE07E-5C2C-4587-9EEF-00CC295B3BC9}"
EndProject
Project("{2150E333-8FDC-42A3-9474-1A3956D46DE8}") = "Data", "Data", "{6B15CD21-02E5-4E3D-B101-F9968EAC91E2}"
EndProject
Project("{2150E333-8FDC-42A3-9474-1A3956D46DE8}") = "Manager", "Manager", "{C3BF86E5-CE08-4374-96CA-47D55AD81C2A}"
EndProject
Project("{2150E333-8FDC-42A3-9474-1A3956D46DE8}") = "VK", "VK", "{7E6BF7B4-51A7-4536-8066-CBC1D88A7104}"
EndProject
Project("{2150E333-8FDC-42A3-9474-1A3956D46DE8}") = "SupplierPortal", "SupplierPortal", "{7E138063-AF41-452E-BD8E-37B935211770}"
EndProject
Project("{FAE04EC0-301F-11D3-BF4B-00C04F79EFBC}") = "AdminPortal.Configuration", "Infrastructure\Configuration\AdminPortal.Configuration\AdminPortal.Configuration.csproj", "{5CB137ED-2387-49FC-B4D6-E375CE1E1C8B}"
EndProject
Project("{FAE04EC0-301F-11D3-BF4B-00C04F79EFBC}") = "AdminPortal.Core.Routing", "Infrastructure\Core\AdminPortal.Core.Routing\AdminPortal.Core.Routing.csproj", "{A53F5819-5FBB-41B6-BF0F-8B82FA55A4FC}"
EndProject
Project("{FAE04EC0-301F-11D3-BF4B-00C04F79EFBC}") = "AdminPortal.Data", "Infrastructure\Data\AdminPortal.Data\AdminPortal.Data.csproj", "{5BCB9D67-D078-494C-A471-9B718A4E691C}"
EndProject
Project("{FAE04EC0-301F-11D3-BF4B-00C04F79EFBC}") = "AdminPortal.Data.SqlServer", "Infrastructure\Data\AdminPortal.Data.SqlServer\AdminPortal.Data.SqlServer.csproj", "{B5D35FA8-4B07-444C-B3A2-7863E63D6A3C}"
EndProject
Project("{FAE04EC0-301F-11D3-BF4B-00C04F79EFBC}") = "AdminPortal.Data.Dapper", "Infrastructure\Data\AdminPortal.Data.Dapper\AdminPortal.Data.Dapper.csproj", "{34A830B7-9399-493E-942F-7454B46F6194}"
EndProject
Project("{FAE04EC0-301F-11D3-BF4B-00C04F79EFBC}") = "AdminPortal.FileManager", "Infrastructure\Manager\AdminPortal.FileManager\AdminPortal.FileManager.csproj", "{349DA7E2-C9F3-45AD-BB82-DC63B1A3151D}"
EndProject
Project("{9A19103F-16F7-4668-BE54-9A1E7A4F7556}") = "AdminPortal.VK.UI", "Modules\VK\AdminPortal.VK.UI\AdminPortal.VK.UI.csproj", "{6DDD24AA-D1F9-4A50-BD05-592AE8A7CD76}"
EndProject
Project("{9A19103F-16F7-4668-BE54-9A1E7A4F7556}") = "AdminPortal.VK.Data", "Modules\VK\AdminPortal.VK.Data\AdminPortal.VK.Data.csproj", "{CFA54B4C-AF74-4A47-99E7-FB079DAC63BD}"
EndProject
Project("{9A19103F-16F7-4668-BE54-9A1E7A4F7556}") = "AdminPortal.VK.Application", "Modules\VK\AdminPortal.VK.Application\AdminPortal.VK.Application.csproj", "{8AA2D118-7A3E-41CF-9A0F-C0321FCAC69B}"
EndProject
Project("{2150E333-8FDC-42A3-9474-1A3956D46DE8}") = "Portal", "Portal", "{A888B615-ACBE-424B-BD1A-3743CE775C13}"
EndProject
Project("{FAE04EC0-301F-11D3-BF4B-00C04F79EFBC}") = "AdminPortal.Portal.UI", "Modules\Portal\AdminPortal.Portal.UI\AdminPortal.Portal.UI.csproj", "{C233606E-EF6B-4CB2-9300-2EDF94A344BC}"
EndProject
Project("{FAE04EC0-301F-11D3-BF4B-00C04F79EFBC}") = "AdminPortal.Portal.Application", "AdminPortal.Portal.Application\AdminPortal.Portal.Application.csproj", "{D51BD168-E7F5-491A-B5F8-A4B58E332906}"
EndProject
Project("{FAE04EC0-301F-11D3-BF4B-00C04F79EFBC}") = "AdminPortal.Portal.Data", "AdminPortal.Portal.Data\AdminPortal.Portal.Data.csproj", "{38A4C700-0E2C-44D3-85F4-4DFCBD1E6106}"
EndProject
Global
	GlobalSection(SolutionConfigurationPlatforms) = preSolution
		Debug|Any CPU = Debug|Any CPU
		Release|Any CPU = Release|Any CPU
	EndGlobalSection
	GlobalSection(ProjectConfigurationPlatforms) = postSolution
		{5CB137ED-2387-49FC-B4D6-E375CE1E1C8B}.Debug|Any CPU.ActiveCfg = Debug|Any CPU
		{5CB137ED-2387-49FC-B4D6-E375CE1E1C8B}.Debug|Any CPU.Build.0 = Debug|Any CPU
		{5CB137ED-2387-49FC-B4D6-E375CE1E1C8B}.Release|Any CPU.ActiveCfg = Release|Any CPU
		{5CB137ED-2387-49FC-B4D6-E375CE1E1C8B}.Release|Any CPU.Build.0 = Release|Any CPU
		{A53F5819-5FBB-41B6-BF0F-8B82FA55A4FC}.Debug|Any CPU.ActiveCfg = Debug|Any CPU
		{A53F5819-5FBB-41B6-BF0F-8B82FA55A4FC}.Debug|Any CPU.Build.0 = Debug|Any CPU
		{A53F5819-5FBB-41B6-BF0F-8B82FA55A4FC}.Release|Any CPU.ActiveCfg = Release|Any CPU
		{A53F5819-5FBB-41B6-BF0F-8B82FA55A4FC}.Release|Any CPU.Build.0 = Release|Any CPU
		{5BCB9D67-D078-494C-A471-9B718A4E691C}.Debug|Any CPU.ActiveCfg = Debug|Any CPU
		{5BCB9D67-D078-494C-A471-9B718A4E691C}.Debug|Any CPU.Build.0 = Debug|Any CPU
		{5BCB9D67-D078-494C-A471-9B718A4E691C}.Release|Any CPU.ActiveCfg = Release|Any CPU
		{5BCB9D67-D078-494C-A471-9B718A4E691C}.Release|Any CPU.Build.0 = Release|Any CPU
		{B5D35FA8-4B07-444C-B3A2-7863E63D6A3C}.Debug|Any CPU.ActiveCfg = Debug|Any CPU
		{B5D35FA8-4B07-444C-B3A2-7863E63D6A3C}.Debug|Any CPU.Build.0 = Debug|Any CPU
		{B5D35FA8-4B07-444C-B3A2-7863E63D6A3C}.Release|Any CPU.ActiveCfg = Release|Any CPU
		{B5D35FA8-4B07-444C-B3A2-7863E63D6A3C}.Release|Any CPU.Build.0 = Release|Any CPU
		{34A830B7-9399-493E-942F-7454B46F6194}.Debug|Any CPU.ActiveCfg = Debug|Any CPU
		{34A830B7-9399-493E-942F-7454B46F6194}.Debug|Any CPU.Build.0 = Debug|Any CPU
		{34A830B7-9399-493E-942F-7454B46F6194}.Release|Any CPU.ActiveCfg = Release|Any CPU
		{34A830B7-9399-493E-942F-7454B46F6194}.Release|Any CPU.Build.0 = Release|Any CPU
		{349DA7E2-C9F3-45AD-BB82-DC63B1A3151D}.Debug|Any CPU.ActiveCfg = Debug|Any CPU
		{349DA7E2-C9F3-45AD-BB82-DC63B1A3151D}.Debug|Any CPU.Build.0 = Debug|Any CPU
		{349DA7E2-C9F3-45AD-BB82-DC63B1A3151D}.Release|Any CPU.ActiveCfg = Release|Any CPU
		{349DA7E2-C9F3-45AD-BB82-DC63B1A3151D}.Release|Any CPU.Build.0 = Release|Any CPU
		{6DDD24AA-D1F9-4A50-BD05-592AE8A7CD76}.Debug|Any CPU.ActiveCfg = Debug|Any CPU
		{6DDD24AA-D1F9-4A50-BD05-592AE8A7CD76}.Debug|Any CPU.Build.0 = Debug|Any CPU
		{6DDD24AA-D1F9-4A50-BD05-592AE8A7CD76}.Release|Any CPU.ActiveCfg = Release|Any CPU
		{6DDD24AA-D1F9-4A50-BD05-592AE8A7CD76}.Release|Any CPU.Build.0 = Release|Any CPU
		{CFA54B4C-AF74-4A47-99E7-FB079DAC63BD}.Debug|Any CPU.ActiveCfg = Debug|Any CPU
		{CFA54B4C-AF74-4A47-99E7-FB079DAC63BD}.Debug|Any CPU.Build.0 = Debug|Any CPU
		{CFA54B4C-AF74-4A47-99E7-FB079DAC63BD}.Release|Any CPU.ActiveCfg = Release|Any CPU
		{CFA54B4C-AF74-4A47-99E7-FB079DAC63BD}.Release|Any CPU.Build.0 = Release|Any CPU
		{8AA2D118-7A3E-41CF-9A0F-C0321FCAC69B}.Debug|Any CPU.ActiveCfg = Debug|Any CPU
		{8AA2D118-7A3E-41CF-9A0F-C0321FCAC69B}.Debug|Any CPU.Build.0 = Debug|Any CPU
		{8AA2D118-7A3E-41CF-9A0F-C0321FCAC69B}.Release|Any CPU.ActiveCfg = Release|Any CPU
		{8AA2D118-7A3E-41CF-9A0F-C0321FCAC69B}.Release|Any CPU.Build.0 = Release|Any CPU
		{C233606E-EF6B-4CB2-9300-2EDF94A344BC}.Debug|Any CPU.ActiveCfg = Debug|Any CPU
		{C233606E-EF6B-4CB2-9300-2EDF94A344BC}.Debug|Any CPU.Build.0 = Debug|Any CPU
		{C233606E-EF6B-4CB2-9300-2EDF94A344BC}.Release|Any CPU.ActiveCfg = Release|Any CPU
		{C233606E-EF6B-4CB2-9300-2EDF94A344BC}.Release|Any CPU.Build.0 = Release|Any CPU
		{D51BD168-E7F5-491A-B5F8-A4B58E332906}.Debug|Any CPU.ActiveCfg = Debug|Any CPU
		{D51BD168-E7F5-491A-B5F8-A4B58E332906}.Debug|Any CPU.Build.0 = Debug|Any CPU
		{D51BD168-E7F5-491A-B5F8-A4B58E332906}.Release|Any CPU.ActiveCfg = Release|Any CPU
		{D51BD168-E7F5-491A-B5F8-A4B58E332906}.Release|Any CPU.Build.0 = Release|Any CPU
		{38A4C700-0E2C-44D3-85F4-4DFCBD1E6106}.Debug|Any CPU.ActiveCfg = Debug|Any CPU
		{38A4C700-0E2C-44D3-85F4-4DFCBD1E6106}.Debug|Any CPU.Build.0 = Debug|Any CPU
		{38A4C700-0E2C-44D3-85F4-4DFCBD1E6106}.Release|Any CPU.ActiveCfg = Release|Any CPU
		{38A4C700-0E2C-44D3-85F4-4DFCBD1E6106}.Release|Any CPU.Build.0 = Release|Any CPU
	EndGlobalSection
	GlobalSection(SolutionProperties) = preSolution
		HideSolutionNode = FALSE
	EndGlobalSection
	GlobalSection(NestedProjects) = preSolution
		{EE7ED4E3-175A-4F5C-AFE8-99A8492E9429} = {FCC79ADC-F827-4538-AC78-65D2B85D94E8}
		{148FE07E-5C2C-4587-9EEF-00CC295B3BC9} = {FCC79ADC-F827-4538-AC78-65D2B85D94E8}
		{6B15CD21-02E5-4E3D-B101-F9968EAC91E2} = {FCC79ADC-F827-4538-AC78-65D2B85D94E8}
		{C3BF86E5-CE08-4374-96CA-47D55AD81C2A} = {FCC79ADC-F827-4538-AC78-65D2B85D94E8}
		{7E6BF7B4-51A7-4536-8066-CBC1D88A7104} = {8ED3F4CC-FDDF-4FFB-B8E4-A211B41E3439}
		{7E138063-AF41-452E-BD8E-37B935211770} = {8ED3F4CC-FDDF-4FFB-B8E4-A211B41E3439}
		{5CB137ED-2387-49FC-B4D6-E375CE1E1C8B} = {EE7ED4E3-175A-4F5C-AFE8-99A8492E9429}
		{A53F5819-5FBB-41B6-BF0F-8B82FA55A4FC} = {148FE07E-5C2C-4587-9EEF-00CC295B3BC9}
		{5BCB9D67-D078-494C-A471-9B718A4E691C} = {6B15CD21-02E5-4E3D-B101-F9968EAC91E2}
		{B5D35FA8-4B07-444C-B3A2-7863E63D6A3C} = {6B15CD21-02E5-4E3D-B101-F9968EAC91E2}
		{34A830B7-9399-493E-942F-7454B46F6194} = {6B15CD21-02E5-4E3D-B101-F9968EAC91E2}
		{349DA7E2-C9F3-45AD-BB82-DC63B1A3151D} = {C3BF86E5-CE08-4374-96CA-47D55AD81C2A}
		{6DDD24AA-D1F9-4A50-BD05-592AE8A7CD76} = {7E6BF7B4-51A7-4536-8066-CBC1D88A7104}
		{CFA54B4C-AF74-4A47-99E7-FB079DAC63BD} = {7E6BF7B4-51A7-4536-8066-CBC1D88A7104}
		{8AA2D118-7A3E-41CF-9A0F-C0321FCAC69B} = {7E6BF7B4-51A7-4536-8066-CBC1D88A7104}
		{A888B615-ACBE-424B-BD1A-3743CE775C13} = {8ED3F4CC-FDDF-4FFB-B8E4-A211B41E3439}
		{C233606E-EF6B-4CB2-9300-2EDF94A344BC} = {A888B615-ACBE-424B-BD1A-3743CE775C13}
		{D51BD168-E7F5-491A-B5F8-A4B58E332906} = {A888B615-ACBE-424B-BD1A-3743CE775C13}
		{38A4C700-0E2C-44D3-85F4-4DFCBD1E6106} = {A888B615-ACBE-424B-BD1A-3743CE775C13}
	EndGlobalSection
	GlobalSection(ExtensibilityGlobals) = postSolution
		SolutionGuid = {09725149-11B8-420F-ACA6-86C411650CF9}
	EndGlobalSection
EndGlobal
